
Microsoft Visual Studio Solution File, Format Version 12.00
# Visual Studio Version 16
VisualStudioVersion = 16.0.29613.14
MinimumVisualStudioVersion = 10.0.40219.1
Project("{2150E333-8FDC-42A3-9474-1A3956D46DE8}") = "Backend", "Backend", "{BB2D3B43-91CB-4651-A480-79463BE29F16}"
EndProject
Project("{2150E333-8FDC-42A3-9474-1A3956D46DE8}") = "Frontend", "Frontend", "{176CC02A-F403-433A-BA06-55A7B03C9E3C}"
EndProject
Project("{9A19103F-16F7-4668-BE54-9A1E7A4F7556}") = "School.Web", "School.Web\School.Web.csproj", "{25D70D25-6D5B-4F4D-A324-BC82A780E8CB}"
EndProject
Project("{FAE04EC0-301F-11D3-BF4B-00C04F79EFBC}") = "School.UIForms.Android", "School.UIForms\School.UIForms.Android\School.UIForms.Android.csproj", "{7A4D9148-352F-4122-A59D-CFD58EADBB54}"
EndProject
Project("{FAE04EC0-301F-11D3-BF4B-00C04F79EFBC}") = "School.UIForms.iOS", "School.UIForms\School.UIForms.iOS\School.UIForms.iOS.csproj", "{F78B2874-49E8-4F1C-8421-CB99688C0A9B}"
EndProject
Project("{9A19103F-16F7-4668-BE54-9A1E7A4F7556}") = "School.UIForms", "School.UIForms\School.UIForms\School.UIForms.csproj", "{69FDDA86-4B08-4972-A29F-67561915EE31}"
EndProject
Project("{FAE04EC0-301F-11D3-BF4B-00C04F79EFBC}") = "School.Common", "School.Common\School.Common.csproj", "{07C0C460-1EAB-403B-AF2B-A4E54CD66A54}"
EndProject
Global
	GlobalSection(SolutionConfigurationPlatforms) = preSolution
		Debug|Any CPU = Debug|Any CPU
		Debug|iPhone = Debug|iPhone
		Debug|iPhoneSimulator = Debug|iPhoneSimulator
		Release|Any CPU = Release|Any CPU
		Release|iPhone = Release|iPhone
		Release|iPhoneSimulator = Release|iPhoneSimulator
	EndGlobalSection
	GlobalSection(ProjectConfigurationPlatforms) = postSolution
		{25D70D25-6D5B-4F4D-A324-BC82A780E8CB}.Debug|Any CPU.ActiveCfg = Debug|Any CPU
		{25D70D25-6D5B-4F4D-A324-BC82A780E8CB}.Debug|Any CPU.Build.0 = Debug|Any CPU
		{25D70D25-6D5B-4F4D-A324-BC82A780E8CB}.Debug|iPhone.ActiveCfg = Debug|Any CPU
		{25D70D25-6D5B-4F4D-A324-BC82A780E8CB}.Debug|iPhone.Build.0 = Debug|Any CPU
		{25D70D25-6D5B-4F4D-A324-BC82A780E8CB}.Debug|iPhoneSimulator.ActiveCfg = Debug|Any CPU
		{25D70D25-6D5B-4F4D-A324-BC82A780E8CB}.Debug|iPhoneSimulator.Build.0 = Debug|Any CPU
		{25D70D25-6D5B-4F4D-A324-BC82A780E8CB}.Release|Any CPU.ActiveCfg = Release|Any CPU
		{25D70D25-6D5B-4F4D-A324-BC82A780E8CB}.Release|Any CPU.Build.0 = Release|Any CPU
		{25D70D25-6D5B-4F4D-A324-BC82A780E8CB}.Release|iPhone.ActiveCfg = Release|Any CPU
		{25D70D25-6D5B-4F4D-A324-BC82A780E8CB}.Release|iPhone.Build.0 = Release|Any CPU
		{25D70D25-6D5B-4F4D-A324-BC82A780E8CB}.Release|iPhoneSimulator.ActiveCfg = Release|Any CPU
		{25D70D25-6D5B-4F4D-A324-BC82A780E8CB}.Release|iPhoneSimulator.Build.0 = Release|Any CPU
		{7A4D9148-352F-4122-A59D-CFD58EADBB54}.Debug|Any CPU.ActiveCfg = Debug|Any CPU
		{7A4D9148-352F-4122-A59D-CFD58EADBB54}.Debug|Any CPU.Build.0 = Debug|Any CPU
		{7A4D9148-352F-4122-A59D-CFD58EADBB54}.Debug|Any CPU.Deploy.0 = Debug|Any CPU
		{7A4D9148-352F-4122-A59D-CFD58EADBB54}.Debug|iPhone.ActiveCfg = Debug|Any CPU
		{7A4D9148-352F-4122-A59D-CFD58EADBB54}.Debug|iPhone.Build.0 = Debug|Any CPU
		{7A4D9148-352F-4122-A59D-CFD58EADBB54}.Debug|iPhone.Deploy.0 = Debug|Any CPU
		{7A4D9148-352F-4122-A59D-CFD58EADBB54}.Debug|iPhoneSimulator.ActiveCfg = Debug|Any CPU
		{7A4D9148-352F-4122-A59D-CFD58EADBB54}.Debug|iPhoneSimulator.Build.0 = Debug|Any CPU
		{7A4D9148-352F-4122-A59D-CFD58EADBB54}.Debug|iPhoneSimulator.Deploy.0 = Debug|Any CPU
		{7A4D9148-352F-4122-A59D-CFD58EADBB54}.Release|Any CPU.ActiveCfg = Release|Any CPU
		{7A4D9148-352F-4122-A59D-CFD58EADBB54}.Release|Any CPU.Build.0 = Release|Any CPU
		{7A4D9148-352F-4122-A59D-CFD58EADBB54}.Release|Any CPU.Deploy.0 = Release|Any CPU
		{7A4D9148-352F-4122-A59D-CFD58EADBB54}.Release|iPhone.ActiveCfg = Release|Any CPU
		{7A4D9148-352F-4122-A59D-CFD58EADBB54}.Release|iPhone.Build.0 = Release|Any CPU
		{7A4D9148-352F-4122-A59D-CFD58EADBB54}.Release|iPhone.Deploy.0 = Release|Any CPU
		{7A4D9148-352F-4122-A59D-CFD58EADBB54}.Release|iPhoneSimulator.ActiveCfg = Release|Any CPU
		{7A4D9148-352F-4122-A59D-CFD58EADBB54}.Release|iPhoneSimulator.Build.0 = Release|Any CPU
		{7A4D9148-352F-4122-A59D-CFD58EADBB54}.Release|iPhoneSimulator.Deploy.0 = Release|Any CPU
		{F78B2874-49E8-4F1C-8421-CB99688C0A9B}.Debug|Any CPU.ActiveCfg = Debug|iPhone
		{F78B2874-49E8-4F1C-8421-CB99688C0A9B}.Debug|iPhone.ActiveCfg = Debug|iPhone
		{F78B2874-49E8-4F1C-8421-CB99688C0A9B}.Debug|iPhone.Build.0 = Debug|iPhone
		{F78B2874-49E8-4F1C-8421-CB99688C0A9B}.Debug|iPhoneSimulator.ActiveCfg = Debug|iPhoneSimulator
		{F78B2874-49E8-4F1C-8421-CB99688C0A9B}.Debug|iPhoneSimulator.Build.0 = Debug|iPhoneSimulator
		{F78B2874-49E8-4F1C-8421-CB99688C0A9B}.Release|Any CPU.ActiveCfg = Release|iPhone
		{F78B2874-49E8-4F1C-8421-CB99688C0A9B}.Release|iPhone.ActiveCfg = Release|iPhone
		{F78B2874-49E8-4F1C-8421-CB99688C0A9B}.Release|iPhone.Build.0 = Release|iPhone
		{F78B2874-49E8-4F1C-8421-CB99688C0A9B}.Release|iPhoneSimulator.ActiveCfg = Release|iPhoneSimulator
		{F78B2874-49E8-4F1C-8421-CB99688C0A9B}.Release|iPhoneSimulator.Build.0 = Release|iPhoneSimulator
		{69FDDA86-4B08-4972-A29F-67561915EE31}.Debug|Any CPU.ActiveCfg = Debug|Any CPU
		{69FDDA86-4B08-4972-A29F-67561915EE31}.Debug|Any CPU.Build.0 = Debug|Any CPU
		{69FDDA86-4B08-4972-A29F-67561915EE31}.Debug|iPhone.ActiveCfg = Debug|Any CPU
		{69FDDA86-4B08-4972-A29F-67561915EE31}.Debug|iPhone.Build.0 = Debug|Any CPU
		{69FDDA86-4B08-4972-A29F-67561915EE31}.Debug|iPhoneSimulator.ActiveCfg = Debug|Any CPU
		{69FDDA86-4B08-4972-A29F-67561915EE31}.Debug|iPhoneSimulator.Build.0 = Debug|Any CPU
		{69FDDA86-4B08-4972-A29F-67561915EE31}.Release|Any CPU.ActiveCfg = Release|Any CPU
		{69FDDA86-4B08-4972-A29F-67561915EE31}.Release|Any CPU.Build.0 = Release|Any CPU
		{69FDDA86-4B08-4972-A29F-67561915EE31}.Release|iPhone.ActiveCfg = Release|Any CPU
		{69FDDA86-4B08-4972-A29F-67561915EE31}.Release|iPhone.Build.0 = Release|Any CPU
		{69FDDA86-4B08-4972-A29F-67561915EE31}.Release|iPhoneSimulator.ActiveCfg = Release|Any CPU
		{69FDDA86-4B08-4972-A29F-67561915EE31}.Release|iPhoneSimulator.Build.0 = Release|Any CPU
		{07C0C460-1EAB-403B-AF2B-A4E54CD66A54}.Debug|Any CPU.ActiveCfg = Debug|Any CPU
		{07C0C460-1EAB-403B-AF2B-A4E54CD66A54}.Debug|Any CPU.Build.0 = Debug|Any CPU
		{07C0C460-1EAB-403B-AF2B-A4E54CD66A54}.Debug|iPhone.ActiveCfg = Debug|Any CPU
		{07C0C460-1EAB-403B-AF2B-A4E54CD66A54}.Debug|iPhone.Build.0 = Debug|Any CPU
		{07C0C460-1EAB-403B-AF2B-A4E54CD66A54}.Debug|iPhoneSimulator.ActiveCfg = Debug|Any CPU
		{07C0C460-1EAB-403B-AF2B-A4E54CD66A54}.Debug|iPhoneSimulator.Build.0 = Debug|Any CPU
		{07C0C460-1EAB-403B-AF2B-A4E54CD66A54}.Release|Any CPU.ActiveCfg = Release|Any CPU
		{07C0C460-1EAB-403B-AF2B-A4E54CD66A54}.Release|Any CPU.Build.0 = Release|Any CPU
		{07C0C460-1EAB-403B-AF2B-A4E54CD66A54}.Release|iPhone.ActiveCfg = Release|Any CPU
		{07C0C460-1EAB-403B-AF2B-A4E54CD66A54}.Release|iPhone.Build.0 = Release|Any CPU
		{07C0C460-1EAB-403B-AF2B-A4E54CD66A54}.Release|iPhoneSimulator.ActiveCfg = Release|Any CPU
		{07C0C460-1EAB-403B-AF2B-A4E54CD66A54}.Release|iPhoneSimulator.Build.0 = Release|Any CPU
	EndGlobalSection
	GlobalSection(SolutionProperties) = preSolution
		HideSolutionNode = FALSE
	EndGlobalSection
	GlobalSection(NestedProjects) = preSolution
		{25D70D25-6D5B-4F4D-A324-BC82A780E8CB} = {BB2D3B43-91CB-4651-A480-79463BE29F16}
		{7A4D9148-352F-4122-A59D-CFD58EADBB54} = {176CC02A-F403-433A-BA06-55A7B03C9E3C}
		{F78B2874-49E8-4F1C-8421-CB99688C0A9B} = {176CC02A-F403-433A-BA06-55A7B03C9E3C}
		{69FDDA86-4B08-4972-A29F-67561915EE31} = {176CC02A-F403-433A-BA06-55A7B03C9E3C}
	EndGlobalSection
	GlobalSection(ExtensibilityGlobals) = postSolution
		SolutionGuid = {0ECD58B2-D0B9-4F0D-AFA2-B617BD138542}
	EndGlobalSection
EndGlobal
