
Microsoft Visual Studio Solution File, Format Version 12.00
# Visual Studio Version 16
VisualStudioVersion = 16.0.29911.84
MinimumVisualStudioVersion = 10.0.40219.1
Project("{2150E333-8FDC-42A3-9474-1A3956D46DE8}") = "BackEnd", "BackEnd", "{B9BC4C1E-528D-44C9-8A84-8A4419FEA04B}"
EndProject
Project("{2150E333-8FDC-42A3-9474-1A3956D46DE8}") = "FrontEnd", "FrontEnd", "{225E5460-AB10-434A-9C85-208388291124}"
EndProject
Project("{FAE04EC0-301F-11D3-BF4B-00C04F79EFBC}") = "Sport.Web", "Sport.Web\Sport.Web.csproj", "{E395EEE2-B5B6-4038-922E-E6E72E42AC6C}"
EndProject
Global
	GlobalSection(SolutionConfigurationPlatforms) = preSolution
		Debug|Any CPU = Debug|Any CPU
		Release|Any CPU = Release|Any CPU
	EndGlobalSection
	GlobalSection(ProjectConfigurationPlatforms) = postSolution
		{E395EEE2-B5B6-4038-922E-E6E72E42AC6C}.Debug|Any CPU.ActiveCfg = Debug|Any CPU
		{E395EEE2-B5B6-4038-922E-E6E72E42AC6C}.Debug|Any CPU.Build.0 = Debug|Any CPU
		{E395EEE2-B5B6-4038-922E-E6E72E42AC6C}.Release|Any CPU.ActiveCfg = Release|Any CPU
		{E395EEE2-B5B6-4038-922E-E6E72E42AC6C}.Release|Any CPU.Build.0 = Release|Any CPU
	EndGlobalSection
	GlobalSection(SolutionProperties) = preSolution
		HideSolutionNode = FALSE
	EndGlobalSection
	GlobalSection(NestedProjects) = preSolution
		{E395EEE2-B5B6-4038-922E-E6E72E42AC6C} = {B9BC4C1E-528D-44C9-8A84-8A4419FEA04B}
	EndGlobalSection
	GlobalSection(ExtensibilityGlobals) = postSolution
		SolutionGuid = {16D93E99-BED2-4B90-9114-5BC19F56E0DE}
	EndGlobalSection
EndGlobal
