
Microsoft Visual Studio Solution File, Format Version 12.00
# Visual Studio Version 16
VisualStudioVersion = 16.0.29728.190
MinimumVisualStudioVersion = 10.0.40219.1
Project("{2150E333-8FDC-42A3-9474-1A3956D46DE8}") = "Backend", "Backend", "{CBEDFDD0-FAC7-49AD-A939-25D03EC70880}"
EndProject
Project("{FAE04EC0-301F-11D3-BF4B-00C04F79EFBC}") = "School.Web", "School.Web\School.Web.csproj", "{A2D0095C-3F4B-41C4-A8BE-56AAB30CFF86}"
EndProject
Global
	GlobalSection(SolutionConfigurationPlatforms) = preSolution
		Debug|Any CPU = Debug|Any CPU
		Release|Any CPU = Release|Any CPU
	EndGlobalSection
	GlobalSection(ProjectConfigurationPlatforms) = postSolution
		{A2D0095C-3F4B-41C4-A8BE-56AAB30CFF86}.Debug|Any CPU.ActiveCfg = Debug|Any CPU
		{A2D0095C-3F4B-41C4-A8BE-56AAB30CFF86}.Debug|Any CPU.Build.0 = Debug|Any CPU
		{A2D0095C-3F4B-41C4-A8BE-56AAB30CFF86}.Release|Any CPU.ActiveCfg = Release|Any CPU
		{A2D0095C-3F4B-41C4-A8BE-56AAB30CFF86}.Release|Any CPU.Build.0 = Release|Any CPU
	EndGlobalSection
	GlobalSection(SolutionProperties) = preSolution
		HideSolutionNode = FALSE
	EndGlobalSection
	GlobalSection(NestedProjects) = preSolution
		{A2D0095C-3F4B-41C4-A8BE-56AAB30CFF86} = {CBEDFDD0-FAC7-49AD-A939-25D03EC70880}
	EndGlobalSection
	GlobalSection(ExtensibilityGlobals) = postSolution
		SolutionGuid = {2E2FB1F5-8632-49D1-9B76-FBF4A8EC4EE8}
	EndGlobalSection
EndGlobal
